{
  "name": "nokia-snake-edition",
  "version": "2.0.0",
  "lockfileVersion": 3,
  "requires": true,
  "packages": {
    "": {
      "name": "nokia-snake-edition",
      "version": "2.0.0",
      "dependencies": {
        "canvas-confetti": "^1.9.3",
        "howler": "^2.2.4"
      }
    },
    "node_modules/canvas-confetti": {
      "version": "1.9.3",
      "resolved": "https://registry.npmjs.org/canvas-confetti/-/canvas-confetti-1.9.3.tgz",
      "integrity": "sha512-v9ZJ+32V0LzV6/uP7Tf/n/k0y3A2/w7eC"
    },
    "node_modules/howler": {
      "version": "2.2.4",
      "resolved": "https://registry.npmjs.org/howler/-/howler-2.2.4.tgz",
      "integrity": "sha512-i5WnJpCqT/5Z2E58C3iP4g4Z8b3F1/b4"
    }
  }
}
