# This file is automatically generated by Poetry to ensure repeatable dependency environments.
[[package]]
name = "asgiref"
version = "3.8.1"
description = "ASGI specs, helper code, and adapters"
optional = false
python-versions = ">=3.8"
files = [
    {file = "asgiref-3.8.1-py3-none-any.whl", hash = "sha256:3e143fa6261d769a239a04a5dd0e6c52a0a2df3381e4c926c483a99268abf4fa"},
]

[[package]]
name = "django"
version = "5.0.6"
description = "A high-level Python web framework that encourages rapid development and clean, pragmatic design."
optional = false
python-versions = ">=3.10"
files = [
    {file = "Django-5.0.6-py3-none-any.whl", hash = "sha256:c735d491c1074e0d99bc3a7e58a74e5088c5efba738c6ff1b312dbdbbc0f4f9f"},
]
dependencies = {asgiref = ">=3.7.0", sqlparse = ">=0.3.1", tzdata = "*"}

[[package]]
name = "pillow"
version = "10.3.0"
description = "Python Imaging Library (Fork)"
optional = false
python-versions = ">=3.8"
files = [
    {file = "pillow-10.3.0-cp311-cp311-win_amd64.whl", hash = "sha256:d8a57e625a6e87f8471d4aaef13c6b2ff82d1c9ef2bb6f9872e424237d6a5960"},
]

[[package]]
name = "sqlparse"
version = "0.5.0"
description = "A non-validating SQL parser."
optional = false
python-versions = ">=3.8"
files = [
    {file = "sqlparse-0.5.0-py3-none-any.whl", hash = "sha256:0d5b4a9e5b8e964319c5c36398bbecb498f3956ca895cf39f8f260ce9a0f0d2b"},
]

[metadata]
lock-version = "2.0"
python-versions = "^3.11"
content-hash = "9c2e0b5377f0a8d87a4192b012345678abcdef0123456789abcdef0123456789"
